
Microsoft Visual Studio Solution File, Format Version 12.00
# Visual Studio Version 17
VisualStudioVersion = 17.11.35327.3
MinimumVisualStudioVersion = 10.0.40219.1
Project("{FAE04EC0-301F-11D3-BF4B-00C04F79EFBC}") = "yemeksepet", "yemeksepet\yemeksepet.csproj", "{9BB05841-F043-43F4-A70D-E95A3BBDF491}"
EndProject
Global
	GlobalSection(SolutionConfigurationPlatforms) = preSolution
		Debug|Any CPU = Debug|Any CPU
		Release|Any CPU = Release|Any CPU
	EndGlobalSection
	GlobalSection(ProjectConfigurationPlatforms) = postSolution
		{9BB05841-F043-43F4-A70D-E95A3BBDF491}.Debug|Any CPU.ActiveCfg = Debug|Any CPU
		{9BB05841-F043-43F4-A70D-E95A3BBDF491}.Debug|Any CPU.Build.0 = Debug|Any CPU
		{9BB05841-F043-43F4-A70D-E95A3BBDF491}.Release|Any CPU.ActiveCfg = Release|Any CPU
		{9BB05841-F043-43F4-A70D-E95A3BBDF491}.Release|Any CPU.Build.0 = Release|Any CPU
	EndGlobalSection
	GlobalSection(SolutionProperties) = preSolution
		HideSolutionNode = FALSE
	EndGlobalSection
	GlobalSection(ExtensibilityGlobals) = postSolution
		SolutionGuid = {C7E2DF97-C710-48C8-87DD-F03A9734E4E0}
	EndGlobalSection
EndGlobal
